
Microsoft Visual Studio Solution File, Format Version 11.00
# Visual Studio 2010
Project("{FAE04EC0-301F-11D3-BF4B-00C04F79EFBC}") = "Undercover", "Assembly-CSharp.csproj", "{A3B3C0A9-71A4-D8D6-8072-1FA43CC09150}"
EndProject
Global
	GlobalSection(SolutionConfigurationPlatforms) = preSolution
		Debug|Any CPU = Debug|Any CPU
		Release|Any CPU = Release|Any CPU
	EndGlobalSection
	GlobalSection(ProjectConfigurationPlatforms) = postSolution
		{A3B3C0A9-71A4-D8D6-8072-1FA43CC09150}.Debug|Any CPU.ActiveCfg = Debug|Any CPU
		{A3B3C0A9-71A4-D8D6-8072-1FA43CC09150}.Debug|Any CPU.Build.0 = Debug|Any CPU
		{A3B3C0A9-71A4-D8D6-8072-1FA43CC09150}.Release|Any CPU.ActiveCfg = Release|Any CPU
		{A3B3C0A9-71A4-D8D6-8072-1FA43CC09150}.Release|Any CPU.Build.0 = Release|Any CPU
	EndGlobalSection
	GlobalSection(SolutionProperties) = preSolution
		HideSolutionNode = FALSE
	EndGlobalSection
	GlobalSection(MonoDevelopProperties) = preSolution
		StartupItem = Assembly-CSharp.csproj
	EndGlobalSection
EndGlobal
